// !$*UTF8*$!
{
	archiveVersion = 1;
	classes = {
	};
	objectVersion = 77;
	objects = {

/* Begin PBXContainerItemProxy section */
		7C4305842CA8B74B002A5135 /* PBXContainerItemProxy */ = {
			isa = PBXContainerItemProxy;
			containerPortal = 7C43056B2CA8B749002A5135 /* Project object */;
			proxyType = 1;
			remoteGlobalIDString = 7C4305722CA8B749002A5135;
			remoteInfo = FitnessTimer;
		};
		7C43058E2CA8B74B002A5135 /* PBXContainerItemProxy */ = {
			isa = PBXContainerItemProxy;
			containerPortal = 7C43056B2CA8B749002A5135 /* Project object */;
			proxyType = 1;
			remoteGlobalIDString = 7C4305722CA8B749002A5135;
			remoteInfo = FitnessTimer;
		};
/* End PBXContainerItemProxy section */

/* Begin PBXFileReference section */
		7C4305732CA8B749002A5135 /* FitnessTimer.app */ = {isa = PBXFileReference; explicitFileType = wrapper.application; includeInIndex = 0; path = FitnessTimer.app; sourceTree = BUILT_PRODUCTS_DIR; };
		7C4305832CA8B74B002A5135 /* FitnessTimerTests.xctest */ = {isa = PBXFileReference; explicitFileType = wrapper.cfbundle; includeInIndex = 0; path = FitnessTimerTests.xctest; sourceTree = BUILT_PRODUCTS_DIR; };
		7C43058D2CA8B74B002A5135 /* FitnessTimerUITests.xctest */ = {isa = PBXFileReference; explicitFileType = wrapper.cfbundle; includeInIndex = 0; path = FitnessTimerUITests.xctest; sourceTree = BUILT_PRODUCTS_DIR; };
/* End PBXFileReference section */

/* Begin PBXFileSystemSynchronizedRootGroup section */
		7C4305752CA8B749002A5135 /* FitnessTimer */ = {
			isa = PBXFileSystemSynchronizedRootGroup;
			path = FitnessTimer;
			sourceTree = "<group>";
		};
		7C4305862CA8B74B002A5135 /* FitnessTimerTests */ = {
			isa = PBXFileSystemSynchronizedRootGroup;
			path = FitnessTimerTests;
			sourceTree = "<group>";
		};
		7C4305902CA8B74B002A5135 /* FitnessTimerUITests */ = {
			isa = PBXFileSystemSynchronizedRootGroup;
			path = FitnessTimerUITests;
			sourceTree = "<group>";
		};
/* End PBXFileSystemSynchronizedRootGroup section */

/* Begin PBXFrameworksBuildPhase section */
		7C4305702CA8B749002A5135 /* Frameworks */ = {
			isa = PBXFrameworksBuildPhase;
			buildActionMask = 2147483647;
			files = (
			);
			runOnlyForDeploymentPostprocessing = 0;
		};
		7C4305802CA8B74B002A5135 /* Frameworks */ = {
			isa = PBXFrameworksBuildPhase;
			buildActionMask = 2147483647;
			files = (
			);
			runOnlyForDeploymentPostprocessing = 0;
		};
		7C43058A2CA8B74B002A5135 /* Frameworks */ = {
			isa = PBXFrameworksBuildPhase;
			buildActionMask = 2147483647;
			files = (
			);
			runOnlyForDeploymentPostprocessing = 0;
		};
/* End PBXFrameworksBuildPhase section */

/* Begin PBXGroup section */
		7C43056A2CA8B749002A5135 = {
			isa = PBXGroup;
			children = (
				7C4305752CA8B749002A5135 /* FitnessTimer */,
				7C4305862CA8B74B002A5135 /* FitnessTimerTests */,
				7C4305902CA8B74B002A5135 /* FitnessTimerUITests */,
				7C4305742CA8B749002A5135 /* Products */,
			);
			sourceTree = "<group>";
		};
		7C4305742CA8B749002A5135 /* Products */ = {
			isa = PBXGroup;
			children = (
				7C4305732CA8B749002A5135 /* FitnessTimer.app */,
				7C4305832CA8B74B002A5135 /* FitnessTimerTests.xctest */,
				7C43058D2CA8B74B002A5135 /* FitnessTimerUITests.xctest */,
			);
			name = Products;
			sourceTree = "<group>";
		};
/* End PBXGroup section */

/* Begin PBXNativeTarget section */
		7C4305722CA8B749002A5135 /* FitnessTimer */ = {
			isa = PBXNativeTarget;
			buildConfigurationList = 7C4305972CA8B74B002A5135 /* Build configuration list for PBXNativeTarget "FitnessTimer" */;
			buildPhases = (
				7C43056F2CA8B749002A5135 /* Sources */,
				7C4305702CA8B749002A5135 /* Frameworks */,
				7C4305712CA8B749002A5135 /* Resources */,
			);
			buildRules = (
			);
			dependencies = (
			);
			fileSystemSynchronizedGroups = (
				7C4305752CA8B749002A5135 /* FitnessTimer */,
			);
			name = FitnessTimer;
			packageProductDependencies = (
			);
			productName = FitnessTimer;
			productReference = 7C4305732CA8B749002A5135 /* FitnessTimer.app */;
			productType = "com.apple.product-type.application";
		};
		7C4305822CA8B74B002A5135 /* FitnessTimerTests */ = {
			isa = PBXNativeTarget;
			buildConfigurationList = 7C43059A2CA8B74B002A5135 /* Build configuration list for PBXNativeTarget "FitnessTimerTests" */;
			buildPhases = (
				7C43057F2CA8B74B002A5135 /* Sources */,
				7C4305802CA8B74B002A5135 /* Frameworks */,
				7C4305812CA8B74B002A5135 /* Resources */,
			);
			buildRules = (
			);
			dependencies = (
				7C4305852CA8B74B002A5135 /* PBXTargetDependency */,
			);
			fileSystemSynchronizedGroups = (
				7C4305862CA8B74B002A5135 /* FitnessTimerTests */,
			);
			name = FitnessTimerTests;
			packageProductDependencies = (
			);
			productName = FitnessTimerTests;
			productReference = 7C4305832CA8B74B002A5135 /* FitnessTimerTests.xctest */;
			productType = "com.apple.product-type.bundle.unit-test";
		};
		7C43058C2CA8B74B002A5135 /* FitnessTimerUITests */ = {
			isa = PBXNativeTarget;
			buildConfigurationList = 7C43059D2CA8B74B002A5135 /* Build configuration list for PBXNativeTarget "FitnessTimerUITests" */;
			buildPhases = (
				7C4305892CA8B74B002A5135 /* Sources */,
				7C43058A2CA8B74B002A5135 /* Frameworks */,
				7C43058B2CA8B74B002A5135 /* Resources */,
			);
			buildRules = (
			);
			dependencies = (
				7C43058F2CA8B74B002A5135 /* PBXTargetDependency */,
			);
			fileSystemSynchronizedGroups = (
				7C4305902CA8B74B002A5135 /* FitnessTimerUITests */,
			);
			name = FitnessTimerUITests;
			packageProductDependencies = (
			);
			productName = FitnessTimerUITests;
			productReference = 7C43058D2CA8B74B002A5135 /* FitnessTimerUITests.xctest */;
			productType = "com.apple.product-type.bundle.ui-testing";
		};
/* End PBXNativeTarget section */

/* Begin PBXProject section */
		7C43056B2CA8B749002A5135 /* Project object */ = {
			isa = PBXProject;
			attributes = {
				BuildIndependentTargetsInParallel = 1;
				LastSwiftUpdateCheck = 1600;
				LastUpgradeCheck = 1600;
				TargetAttributes = {
					7C4305722CA8B749002A5135 = {
						CreatedOnToolsVersion = 16.0;
					};
					7C4305822CA8B74B002A5135 = {
						CreatedOnToolsVersion = 16.0;
						TestTargetID = 7C4305722CA8B749002A5135;
					};
					7C43058C2CA8B74B002A5135 = {
						CreatedOnToolsVersion = 16.0;
						TestTargetID = 7C4305722CA8B749002A5135;
					};
				};
			};
			buildConfigurationList = 7C43056E2CA8B749002A5135 /* Build configuration list for PBXProject "FitnessTimer" */;
			developmentRegion = en;
			hasScannedForEncodings = 0;
			knownRegions = (
				en,
				Base,
			);
			mainGroup = 7C43056A2CA8B749002A5135;
			minimizedProjectReferenceProxies = 1;
			preferredProjectObjectVersion = 77;
			productRefGroup = 7C4305742CA8B749002A5135 /* Products */;
			projectDirPath = "";
			projectRoot = "";
			targets = (
				7C4305722CA8B749002A5135 /* FitnessTimer */,
				7C4305822CA8B74B002A5135 /* FitnessTimerTests */,
				7C43058C2CA8B74B002A5135 /* FitnessTimerUITests */,
			);
		};
/* End PBXProject section */

/* Begin PBXResourcesBuildPhase section */
		7C4305712CA8B749002A5135 /* Resources */ = {
			isa = PBXResourcesBuildPhase;
			buildActionMask = 2147483647;
			files = (
			);
			runOnlyForDeploymentPostprocessing = 0;
		};
		7C4305812CA8B74B002A5135 /* Resources */ = {
			isa = PBXResourcesBuildPhase;
			buildActionMask = 2147483647;
			files = (
			);
			runOnlyForDeploymentPostprocessing = 0;
		};
		7C43058B2CA8B74B002A5135 /* Resources */ = {
			isa = PBXResourcesBuildPhase;
			buildActionMask = 2147483647;
			files = (
			);
			runOnlyForDeploymentPostprocessing = 0;
		};
/* End PBXResourcesBuildPhase section */

/* Begin PBXSourcesBuildPhase section */
		7C43056F2CA8B749002A5135 /* Sources */ = {
			isa = PBXSourcesBuildPhase;
			buildActionMask = 2147483647;
			files = (
			);
			runOnlyForDeploymentPostprocessing = 0;
		};
		7C43057F2CA8B74B002A5135 /* Sources */ = {
			isa = PBXSourcesBuildPhase;
			buildActionMask = 2147483647;
			files = (
			);
			runOnlyForDeploymentPostprocessing = 0;
		};
		7C4305892CA8B74B002A5135 /* Sources */ = {
			isa = PBXSourcesBuildPhase;
			buildActionMask = 2147483647;
			files = (
			);
			runOnlyForDeploymentPostprocessing = 0;
		};
/* End PBXSourcesBuildPhase section */

/* Begin PBXTargetDependency section */
		7C4305852CA8B74B002A5135 /* PBXTargetDependency */ = {
			isa = PBXTargetDependency;
			target = 7C4305722CA8B749002A5135 /* FitnessTimer */;
			targetProxy = 7C4305842CA8B74B002A5135 /* PBXContainerItemProxy */;
		};
		7C43058F2CA8B74B002A5135 /* PBXTargetDependency */ = {
			isa = PBXTargetDependency;
			target = 7C4305722CA8B749002A5135 /* FitnessTimer */;
			targetProxy = 7C43058E2CA8B74B002A5135 /* PBXContainerItemProxy */;
		};
/* End PBXTargetDependency section */

/* Begin XCBuildConfiguration section */
		7C4305952CA8B74B002A5135 /* Debug */ = {
			isa = XCBuildConfiguration;
			buildSettings = {
				ALWAYS_SEARCH_USER_PATHS = NO;
				ASSETCATALOG_COMPILER_GENERATE_SWIFT_ASSET_SYMBOL_EXTENSIONS = YES;
				CLANG_ANALYZER_NONNULL = YES;
				CLANG_ANALYZER_NUMBER_OBJECT_CONVERSION = YES_AGGRESSIVE;
				CLANG_CXX_LANGUAGE_STANDARD = "gnu++20";
				CLANG_ENABLE_MODULES = YES;
				CLANG_ENABLE_OBJC_ARC = YES;
				CLANG_ENABLE_OBJC_WEAK = YES;
				CLANG_WARN_BLOCK_CAPTURE_AUTORELEASING = YES;
				CLANG_WARN_BOOL_CONVERSION = YES;
				CLANG_WARN_COMMA = YES;
				CLANG_WARN_CONSTANT_CONVERSION = YES;
				CLANG_WARN_DEPRECATED_OBJC_IMPLEMENTATIONS = YES;
				CLANG_WARN_DIRECT_OBJC_ISA_USAGE = YES_ERROR;
				CLANG_WARN_DOCUMENTATION_COMMENTS = YES;
				CLANG_WARN_EMPTY_BODY = YES;
				CLANG_WARN_ENUM_CONVERSION = YES;
				CLANG_WARN_INFINITE_RECURSION = YES;
				CLANG_WARN_INT_CONVERSION = YES;
				CLANG_WARN_NON_LITERAL_NULL_CONVERSION = YES;
				CLANG_WARN_OBJC_IMPLICIT_RETAIN_SELF = YES;
				CLANG_WARN_OBJC_LITERAL_CONVERSION = YES;
				CLANG_WARN_OBJC_ROOT_CLASS = YES_ERROR;
				CLANG_WARN_QUOTED_INCLUDE_IN_FRAMEWORK_HEADER = YES;
				CLANG_WARN_RANGE_LOOP_ANALYSIS = YES;
				CLANG_WARN_STRICT_PROTOTYPES = YES;
				CLANG_WARN_SUSPICIOUS_MOVE = YES;
				CLANG_WARN_UNGUARDED_AVAILABILITY = YES_AGGRESSIVE;
				CLANG_WARN_UNREACHABLE_CODE = YES;
				CLANG_WARN__DUPLICATE_METHOD_MATCH = YES;
				COPY_PHASE_STRIP = NO;
				DEBUG_INFORMATION_FORMAT = dwarf;
				ENABLE_STRICT_OBJC_MSGSEND = YES;
				ENABLE_TESTABILITY = YES;
				ENABLE_USER_SCRIPT_SANDBOXING = YES;
				GCC_C_LANGUAGE_STANDARD = gnu17;
				GCC_DYNAMIC_NO_PIC = NO;
				GCC_NO_COMMON_BLOCKS = YES;
				GCC_OPTIMIZATION_LEVEL = 0;
				GCC_PREPROCESSOR_DEFINITIONS = (
					"DEBUG=1",
					"$(inherited)",
				);
				GCC_WARN_64_TO_32_BIT_CONVERSION = YES;
				GCC_WARN_ABOUT_RETURN_TYPE = YES_ERROR;
				GCC_WARN_UNDECLARED_SELECTOR = YES;
				GCC_WARN_UNINITIALIZED_AUTOS = YES_AGGRESSIVE;
				GCC_WARN_UNUSED_FUNCTION = YES;
				GCC_WARN_UNUSED_VARIABLE = YES;
				IPHONEOS_DEPLOYMENT_TARGET = 18.0;
				LOCALIZATION_PREFERS_STRING_CATALOGS = YES;
				MTL_ENABLE_DEBUG_INFO = INCLUDE_SOURCE;
				MTL_FAST_MATH = YES;
				ONLY_ACTIVE_ARCH = YES;
				SDKROOT = iphoneos;
				SWIFT_ACTIVE_COMPILATION_CONDITIONS = "DEBUG $(inherited)";
				SWIFT_OPTIMIZATION_LEVEL = "-Onone";
			};
			name = Debug;
		};
		7C4305962CA8B74B002A5135 /* Release */ = {
			isa = XCBuildConfiguration;
			buildSettings = {
				ALWAYS_SEARCH_USER_PATHS = NO;
				ASSETCATALOG_COMPILER_GENERATE_SWIFT_ASSET_SYMBOL_EXTENSIONS = YES;
				CLANG_ANALYZER_NONNULL = YES;
				CLANG_ANALYZER_NUMBER_OBJECT_CONVERSION = YES_AGGRESSIVE;
				CLANG_CXX_LANGUAGE_STANDARD = "gnu++20";
				CLANG_ENABLE_MODULES = YES;
				CLANG_ENABLE_OBJC_ARC = YES;
				CLANG_ENABLE_OBJC_WEAK = YES;
				CLANG_WARN_BLOCK_CAPTURE_AUTORELEASING = YES;
				CLANG_WARN_BOOL_CONVERSION = YES;
				CLANG_WARN_COMMA = YES;
				CLANG_WARN_CONSTANT_CONVERSION = YES;
				CLANG_WARN_DEPRECATED_OBJC_IMPLEMENTATIONS = YES;
				CLANG_WARN_DIRECT_OBJC_ISA_USAGE = YES_ERROR;
				CLANG_WARN_DOCUMENTATION_COMMENTS = YES;
				CLANG_WARN_EMPTY_BODY = YES;
				CLANG_WARN_ENUM_CONVERSION = YES;
				CLANG_WARN_INFINITE_RECURSION = YES;
				CLANG_WARN_INT_CONVERSION = YES;
				CLANG_WARN_NON_LITERAL_NULL_CONVERSION = YES;
				CLANG_WARN_OBJC_IMPLICIT_RETAIN_SELF = YES;
				CLANG_WARN_OBJC_LITERAL_CONVERSION = YES;
				CLANG_WARN_OBJC_ROOT_CLASS = YES_ERROR;
				CLANG_WARN_QUOTED_INCLUDE_IN_FRAMEWORK_HEADER = YES;
				CLANG_WARN_RANGE_LOOP_ANALYSIS = YES;
				CLANG_WARN_STRICT_PROTOTYPES = YES;
				CLANG_WARN_SUSPICIOUS_MOVE = YES;
				CLANG_WARN_UNGUARDED_AVAILABILITY = YES_AGGRESSIVE;
				CLANG_WARN_UNREACHABLE_CODE = YES;
				CLANG_WARN__DUPLICATE_METHOD_MATCH = YES;
				COPY_PHASE_STRIP = NO;
				DEBUG_INFORMATION_FORMAT = "dwarf-with-dsym";
				ENABLE_NS_ASSERTIONS = NO;
				ENABLE_STRICT_OBJC_MSGSEND = YES;
				ENABLE_USER_SCRIPT_SANDBOXING = YES;
				GCC_C_LANGUAGE_STANDARD = gnu17;
				GCC_NO_COMMON_BLOCKS = YES;
				GCC_WARN_64_TO_32_BIT_CONVERSION = YES;
				GCC_WARN_ABOUT_RETURN_TYPE = YES_ERROR;
				GCC_WARN_UNDECLARED_SELECTOR = YES;
				GCC_WARN_UNINITIALIZED_AUTOS = YES_AGGRESSIVE;
				GCC_WARN_UNUSED_FUNCTION = YES;
				GCC_WARN_UNUSED_VARIABLE = YES;
				IPHONEOS_DEPLOYMENT_TARGET = 18.0;
				LOCALIZATION_PREFERS_STRING_CATALOGS = YES;
				MTL_ENABLE_DEBUG_INFO = NO;
				MTL_FAST_MATH = YES;
				SDKROOT = iphoneos;
				SWIFT_COMPILATION_MODE = wholemodule;
				VALIDATE_PRODUCT = YES;
			};
			name = Release;
		};
		7C4305982CA8B74B002A5135 /* Debug */ = {
			isa = XCBuildConfiguration;
			buildSettings = {
				ASSETCATALOG_COMPILER_APPICON_NAME = AppIcon;
				ASSETCATALOG_COMPILER_GLOBAL_ACCENT_COLOR_NAME = AccentColor;
				CODE_SIGN_STYLE = Automatic;
				CURRENT_PROJECT_VERSION = 1;
				DEVELOPMENT_ASSET_PATHS = "\"FitnessTimer/Preview Content\"";
				DEVELOPMENT_TEAM = Z83D3LA293;
				ENABLE_PREVIEWS = YES;
				GENERATE_INFOPLIST_FILE = YES;
				INFOPLIST_KEY_UIApplicationSceneManifest_Generation = YES;
				INFOPLIST_KEY_UIApplicationSupportsIndirectInputEvents = YES;
				INFOPLIST_KEY_UILaunchScreen_Generation = YES;
				INFOPLIST_KEY_UISupportedInterfaceOrientations_iPad = "UIInterfaceOrientationPortrait UIInterfaceOrientationPortraitUpsideDown UIInterfaceOrientationLandscapeLeft UIInterfaceOrientationLandscapeRight";
				INFOPLIST_KEY_UISupportedInterfaceOrientations_iPhone = "UIInterfaceOrientationPortrait UIInterfaceOrientationLandscapeLeft UIInterfaceOrientationLandscapeRight";
				LD_RUNPATH_SEARCH_PATHS = (
					"$(inherited)",
					"@executable_path/Frameworks",
				);
				MARKETING_VERSION = 1.0;
				PRODUCT_BUNDLE_IDENTIFIER = "james-dunn.FitnessTimer";
				PRODUCT_NAME = "$(TARGET_NAME)";
				SWIFT_EMIT_LOC_STRINGS = YES;
				SWIFT_VERSION = 5.0;
				TARGETED_DEVICE_FAMILY = "1,2";
			};
			name = Debug;
		};
		7C4305992CA8B74B002A5135 /* Release */ = {
			isa = XCBuildConfiguration;
			buildSettings = {
				ASSETCATALOG_COMPILER_APPICON_NAME = AppIcon;
				ASSETCATALOG_COMPILER_GLOBAL_ACCENT_COLOR_NAME = AccentColor;
				CODE_SIGN_STYLE = Automatic;
				CURRENT_PROJECT_VERSION = 1;
				DEVELOPMENT_ASSET_PATHS = "\"FitnessTimer/Preview Content\"";
				DEVELOPMENT_TEAM = Z83D3LA293;
				ENABLE_PREVIEWS = YES;
				GENERATE_INFOPLIST_FILE = YES;
				INFOPLIST_KEY_UIApplicationSceneManifest_Generation = YES;
				INFOPLIST_KEY_UIApplicationSupportsIndirectInputEvents = YES;
				INFOPLIST_KEY_UILaunchScreen_Generation = YES;
				INFOPLIST_KEY_UISupportedInterfaceOrientations_iPad = "UIInterfaceOrientationPortrait UIInterfaceOrientationPortraitUpsideDown UIInterfaceOrientationLandscapeLeft UIInterfaceOrientationLandscapeRight";
				INFOPLIST_KEY_UISupportedInterfaceOrientations_iPhone = "UIInterfaceOrientationPortrait UIInterfaceOrientationLandscapeLeft UIInterfaceOrientationLandscapeRight";
				LD_RUNPATH_SEARCH_PATHS = (
					"$(inherited)",
					"@executable_path/Frameworks",
				);
				MARKETING_VERSION = 1.0;
				PRODUCT_BUNDLE_IDENTIFIER = "james-dunn.FitnessTimer";
				PRODUCT_NAME = "$(TARGET_NAME)";
				SWIFT_EMIT_LOC_STRINGS = YES;
				SWIFT_VERSION = 5.0;
				TARGETED_DEVICE_FAMILY = "1,2";
			};
			name = Release;
		};
		7C43059B2CA8B74B002A5135 /* Debug */ = {
			isa = XCBuildConfiguration;
			buildSettings = {
				BUNDLE_LOADER = "$(TEST_HOST)";
				CODE_SIGN_STYLE = Automatic;
				CURRENT_PROJECT_VERSION = 1;
				GENERATE_INFOPLIST_FILE = YES;
				IPHONEOS_DEPLOYMENT_TARGET = 18.0;
				MARKETING_VERSION = 1.0;
				PRODUCT_BUNDLE_IDENTIFIER = "james-dunn.FitnessTimerTests";
				PRODUCT_NAME = "$(TARGET_NAME)";
				SWIFT_EMIT_LOC_STRINGS = NO;
				SWIFT_VERSION = 5.0;
				TARGETED_DEVICE_FAMILY = "1,2";
				TEST_HOST = "$(BUILT_PRODUCTS_DIR)/FitnessTimer.app/$(BUNDLE_EXECUTABLE_FOLDER_PATH)/FitnessTimer";
			};
			name = Debug;
		};
		7C43059C2CA8B74B002A5135 /* Release */ = {
			isa = XCBuildConfiguration;
			buildSettings = {
				BUNDLE_LOADER = "$(TEST_HOST)";
				CODE_SIGN_STYLE = Automatic;
				CURRENT_PROJECT_VERSION = 1;
				GENERATE_INFOPLIST_FILE = YES;
				IPHONEOS_DEPLOYMENT_TARGET = 18.0;
				MARKETING_VERSION = 1.0;
				PRODUCT_BUNDLE_IDENTIFIER = "james-dunn.FitnessTimerTests";
				PRODUCT_NAME = "$(TARGET_NAME)";
				SWIFT_EMIT_LOC_STRINGS = NO;
				SWIFT_VERSION = 5.0;
				TARGETED_DEVICE_FAMILY = "1,2";
				TEST_HOST = "$(BUILT_PRODUCTS_DIR)/FitnessTimer.app/$(BUNDLE_EXECUTABLE_FOLDER_PATH)/FitnessTimer";
			};
			name = Release;
		};
		7C43059E2CA8B74B002A5135 /* Debug */ = {
			isa = XCBuildConfiguration;
			buildSettings = {
				CODE_SIGN_STYLE = Automatic;
				CURRENT_PROJECT_VERSION = 1;
				GENERATE_INFOPLIST_FILE = YES;
				MARKETING_VERSION = 1.0;
				PRODUCT_BUNDLE_IDENTIFIER = "james-dunn.FitnessTimerUITests";
				PRODUCT_NAME = "$(TARGET_NAME)";
				SWIFT_EMIT_LOC_STRINGS = NO;
				SWIFT_VERSION = 5.0;
				TARGETED_DEVICE_FAMILY = "1,2";
				TEST_TARGET_NAME = FitnessTimer;
			};
			name = Debug;
		};
		7C43059F2CA8B74B002A5135 /* Release */ = {
			isa = XCBuildConfiguration;
			buildSettings = {
				CODE_SIGN_STYLE = Automatic;
				CURRENT_PROJECT_VERSION = 1;
				GENERATE_INFOPLIST_FILE = YES;
				MARKETING_VERSION = 1.0;
				PRODUCT_BUNDLE_IDENTIFIER = "james-dunn.FitnessTimerUITests";
				PRODUCT_NAME = "$(TARGET_NAME)";
				SWIFT_EMIT_LOC_STRINGS = NO;
				SWIFT_VERSION = 5.0;
				TARGETED_DEVICE_FAMILY = "1,2";
				TEST_TARGET_NAME = FitnessTimer;
			};
			name = Release;
		};
/* End XCBuildConfiguration section */

/* Begin XCConfigurationList section */
		7C43056E2CA8B749002A5135 /* Build configuration list for PBXProject "FitnessTimer" */ = {
			isa = XCConfigurationList;
			buildConfigurations = (
				7C4305952CA8B74B002A5135 /* Debug */,
				7C4305962CA8B74B002A5135 /* Release */,
			);
			defaultConfigurationIsVisible = 0;
			defaultConfigurationName = Release;
		};
		7C4305972CA8B74B002A5135 /* Build configuration list for PBXNativeTarget "FitnessTimer" */ = {
			isa = XCConfigurationList;
			buildConfigurations = (
				7C4305982CA8B74B002A5135 /* Debug */,
				7C4305992CA8B74B002A5135 /* Release */,
			);
			defaultConfigurationIsVisible = 0;
			defaultConfigurationName = Release;
		};
		7C43059A2CA8B74B002A5135 /* Build configuration list for PBXNativeTarget "FitnessTimerTests" */ = {
			isa = XCConfigurationList;
			buildConfigurations = (
				7C43059B2CA8B74B002A5135 /* Debug */,
				7C43059C2CA8B74B002A5135 /* Release */,
			);
			defaultConfigurationIsVisible = 0;
			defaultConfigurationName = Release;
		};
		7C43059D2CA8B74B002A5135 /* Build configuration list for PBXNativeTarget "FitnessTimerUITests" */ = {
			isa = XCConfigurationList;
			buildConfigurations = (
				7C43059E2CA8B74B002A5135 /* Debug */,
				7C43059F2CA8B74B002A5135 /* Release */,
			);
			defaultConfigurationIsVisible = 0;
			defaultConfigurationName = Release;
		};
/* End XCConfigurationList section */
	};
	rootObject = 7C43056B2CA8B749002A5135 /* Project object */;
}
